
Microsoft Visual Studio Solution File, Format Version 12.00
# Visual Studio Version 16
VisualStudioVersion = 16.0.31313.79
MinimumVisualStudioVersion = 10.0.40219.1
Project("{2150E333-8FDC-42A3-9474-1A3956D46DE8}") = "api_1", "api_1", "{EAA9D675-E6EB-44BC-900A-606E94308E16}"
EndProject
Project("{2150E333-8FDC-42A3-9474-1A3956D46DE8}") = "api_2", "api_2", "{D8BBAB93-86D0-4059-8CA8-C6B0B864BCCD}"
EndProject
Project("{2150E333-8FDC-42A3-9474-1A3956D46DE8}") = "Service", "Service", "{3737CEA9-CEE6-4DF7-9292-5BDB7C944985}"
EndProject
Project("{2150E333-8FDC-42A3-9474-1A3956D46DE8}") = "Data", "Data", "{AD1C775A-B24F-4952-9174-F55BE4706851}"
EndProject
Project("{2150E333-8FDC-42A3-9474-1A3956D46DE8}") = "Dominio", "Dominio", "{FC720E1E-D3FB-4979-B3BC-D27A775AA038}"
EndProject
Project("{9A19103F-16F7-4668-BE54-9A1E7A4F7556}") = "TesteIngaia", "api_1\TesteIngaia\TesteIngaia.csproj", "{8BA956B8-7F5B-44ED-92CA-73DA58249DF4}"
EndProject
Project("{9A19103F-16F7-4668-BE54-9A1E7A4F7556}") = "Ingaia.Data", "api_2\Ingaia.Data\Ingaia.Data.csproj", "{D1297F99-1774-4662-87C2-77C41A3D15E2}"
EndProject
Project("{9A19103F-16F7-4668-BE54-9A1E7A4F7556}") = "Ingaia.Dominio", "api_2\Ingaia.Dominio\Ingaia.Dominio.csproj", "{9939BE81-DAAE-405F-94B6-54DEA9903ADE}"
EndProject
Project("{9A19103F-16F7-4668-BE54-9A1E7A4F7556}") = "TesteIngaia2", "api_2\TesteIngaia2\TesteIngaia2.csproj", "{A0AE4E78-6A79-409B-A488-41DF518DE452}"
EndProject
Global
	GlobalSection(SolutionConfigurationPlatforms) = preSolution
		Debug|Any CPU = Debug|Any CPU
		Release|Any CPU = Release|Any CPU
	EndGlobalSection
	GlobalSection(ProjectConfigurationPlatforms) = postSolution
		{8BA956B8-7F5B-44ED-92CA-73DA58249DF4}.Debug|Any CPU.ActiveCfg = Debug|Any CPU
		{8BA956B8-7F5B-44ED-92CA-73DA58249DF4}.Debug|Any CPU.Build.0 = Debug|Any CPU
		{8BA956B8-7F5B-44ED-92CA-73DA58249DF4}.Release|Any CPU.ActiveCfg = Release|Any CPU
		{8BA956B8-7F5B-44ED-92CA-73DA58249DF4}.Release|Any CPU.Build.0 = Release|Any CPU
		{D1297F99-1774-4662-87C2-77C41A3D15E2}.Debug|Any CPU.ActiveCfg = Debug|Any CPU
		{D1297F99-1774-4662-87C2-77C41A3D15E2}.Debug|Any CPU.Build.0 = Debug|Any CPU
		{D1297F99-1774-4662-87C2-77C41A3D15E2}.Release|Any CPU.ActiveCfg = Release|Any CPU
		{D1297F99-1774-4662-87C2-77C41A3D15E2}.Release|Any CPU.Build.0 = Release|Any CPU
		{9939BE81-DAAE-405F-94B6-54DEA9903ADE}.Debug|Any CPU.ActiveCfg = Debug|Any CPU
		{9939BE81-DAAE-405F-94B6-54DEA9903ADE}.Debug|Any CPU.Build.0 = Debug|Any CPU
		{9939BE81-DAAE-405F-94B6-54DEA9903ADE}.Release|Any CPU.ActiveCfg = Release|Any CPU
		{9939BE81-DAAE-405F-94B6-54DEA9903ADE}.Release|Any CPU.Build.0 = Release|Any CPU
		{A0AE4E78-6A79-409B-A488-41DF518DE452}.Debug|Any CPU.ActiveCfg = Debug|Any CPU
		{A0AE4E78-6A79-409B-A488-41DF518DE452}.Debug|Any CPU.Build.0 = Debug|Any CPU
		{A0AE4E78-6A79-409B-A488-41DF518DE452}.Release|Any CPU.ActiveCfg = Release|Any CPU
		{A0AE4E78-6A79-409B-A488-41DF518DE452}.Release|Any CPU.Build.0 = Release|Any CPU
	EndGlobalSection
	GlobalSection(SolutionProperties) = preSolution
		HideSolutionNode = FALSE
	EndGlobalSection
	GlobalSection(NestedProjects) = preSolution
		{3737CEA9-CEE6-4DF7-9292-5BDB7C944985} = {D8BBAB93-86D0-4059-8CA8-C6B0B864BCCD}
		{AD1C775A-B24F-4952-9174-F55BE4706851} = {D8BBAB93-86D0-4059-8CA8-C6B0B864BCCD}
		{FC720E1E-D3FB-4979-B3BC-D27A775AA038} = {D8BBAB93-86D0-4059-8CA8-C6B0B864BCCD}
		{8BA956B8-7F5B-44ED-92CA-73DA58249DF4} = {EAA9D675-E6EB-44BC-900A-606E94308E16}
		{D1297F99-1774-4662-87C2-77C41A3D15E2} = {AD1C775A-B24F-4952-9174-F55BE4706851}
		{9939BE81-DAAE-405F-94B6-54DEA9903ADE} = {FC720E1E-D3FB-4979-B3BC-D27A775AA038}
		{A0AE4E78-6A79-409B-A488-41DF518DE452} = {3737CEA9-CEE6-4DF7-9292-5BDB7C944985}
	EndGlobalSection
	GlobalSection(ExtensibilityGlobals) = postSolution
		SolutionGuid = {F86E31FB-78A8-4EED-B7C8-13969CA9127F}
	EndGlobalSection
EndGlobal
